// !$*UTF8*$!
{
	archiveVersion = 1;
	classes = {
	};
	objectVersion = 50;
	objects = {

/* Begin PBXBuildFile section */
		B3D7208124BC2C3C00E19EBB /* AppDelegate.swift in Sources */ = {isa = PBXBuildFile; fileRef = B3D7208024BC2C3C00E19EBB /* AppDelegate.swift */; };
		B3D7208324BC2C3C00E19EBB /* SceneDelegate.swift in Sources */ = {isa = PBXBuildFile; fileRef = B3D7208224BC2C3C00E19EBB /* SceneDelegate.swift */; };
		B3D7208524BC2C3C00E19EBB /* ViewController.swift in Sources */ = {isa = PBXBuildFile; fileRef = B3D7208424BC2C3C00E19EBB /* ViewController.swift */; };
		B3D7208824BC2C3C00E19EBB /* Main.storyboard in Resources */ = {isa = PBXBuildFile; fileRef = B3D7208624BC2C3C00E19EBB /* Main.storyboard */; };
		B3D7208A24BC2C3E00E19EBB /* Assets.xcassets in Resources */ = {isa = PBXBuildFile; fileRef = B3D7208924BC2C3E00E19EBB /* Assets.xcassets */; };
		B3D7208D24BC2C3E00E19EBB /* LaunchScreen.storyboard in Resources */ = {isa = PBXBuildFile; fileRef = B3D7208B24BC2C3E00E19EBB /* LaunchScreen.storyboard */; };
		B3D7209824BC2C3E00E19EBB /* SignUpTests.swift in Sources */ = {isa = PBXBuildFile; fileRef = B3D7209724BC2C3E00E19EBB /* SignUpTests.swift */; };
		B3D720A324BC2C3E00E19EBB /* SignUpUITests.swift in Sources */ = {isa = PBXBuildFile; fileRef = B3D720A224BC2C3E00E19EBB /* SignUpUITests.swift */; };
/* End PBXBuildFile section */

/* Begin PBXContainerItemProxy section */
		B3D7209424BC2C3E00E19EBB /* PBXContainerItemProxy */ = {
			isa = PBXContainerItemProxy;
			containerPortal = B3D7207524BC2C3C00E19EBB /* Project object */;
			proxyType = 1;
			remoteGlobalIDString = B3D7207C24BC2C3C00E19EBB;
			remoteInfo = SignUp;
		};
		B3D7209F24BC2C3E00E19EBB /* PBXContainerItemProxy */ = {
			isa = PBXContainerItemProxy;
			containerPortal = B3D7207524BC2C3C00E19EBB /* Project object */;
			proxyType = 1;
			remoteGlobalIDString = B3D7207C24BC2C3C00E19EBB;
			remoteInfo = SignUp;
		};
/* End PBXContainerItemProxy section */

/* Begin PBXFileReference section */
		B3D7207D24BC2C3C00E19EBB /* SignUp.app */ = {isa = PBXFileReference; explicitFileType = wrapper.application; includeInIndex = 0; path = SignUp.app; sourceTree = BUILT_PRODUCTS_DIR; };
		B3D7208024BC2C3C00E19EBB /* AppDelegate.swift */ = {isa = PBXFileReference; lastKnownFileType = sourcecode.swift; path = AppDelegate.swift; sourceTree = "<group>"; };
		B3D7208224BC2C3C00E19EBB /* SceneDelegate.swift */ = {isa = PBXFileReference; lastKnownFileType = sourcecode.swift; path = SceneDelegate.swift; sourceTree = "<group>"; };
		B3D7208424BC2C3C00E19EBB /* ViewController.swift */ = {isa = PBXFileReference; lastKnownFileType = sourcecode.swift; path = ViewController.swift; sourceTree = "<group>"; };
		B3D7208724BC2C3C00E19EBB /* Base */ = {isa = PBXFileReference; lastKnownFileType = file.storyboard; name = Base; path = Base.lproj/Main.storyboard; sourceTree = "<group>"; };
		B3D7208924BC2C3E00E19EBB /* Assets.xcassets */ = {isa = PBXFileReference; lastKnownFileType = folder.assetcatalog; path = Assets.xcassets; sourceTree = "<group>"; };
		B3D7208C24BC2C3E00E19EBB /* Base */ = {isa = PBXFileReference; lastKnownFileType = file.storyboard; name = Base; path = Base.lproj/LaunchScreen.storyboard; sourceTree = "<group>"; };
		B3D7208E24BC2C3E00E19EBB /* Info.plist */ = {isa = PBXFileReference; lastKnownFileType = text.plist.xml; path = Info.plist; sourceTree = "<group>"; };
		B3D7209324BC2C3E00E19EBB /* SignUpTests.xctest */ = {isa = PBXFileReference; explicitFileType = wrapper.cfbundle; includeInIndex = 0; path = SignUpTests.xctest; sourceTree = BUILT_PRODUCTS_DIR; };
		B3D7209724BC2C3E00E19EBB /* SignUpTests.swift */ = {isa = PBXFileReference; lastKnownFileType = sourcecode.swift; path = SignUpTests.swift; sourceTree = "<group>"; };
		B3D7209924BC2C3E00E19EBB /* Info.plist */ = {isa = PBXFileReference; lastKnownFileType = text.plist.xml; path = Info.plist; sourceTree = "<group>"; };
		B3D7209E24BC2C3E00E19EBB /* SignUpUITests.xctest */ = {isa = PBXFileReference; explicitFileType = wrapper.cfbundle; includeInIndex = 0; path = SignUpUITests.xctest; sourceTree = BUILT_PRODUCTS_DIR; };
		B3D720A224BC2C3E00E19EBB /* SignUpUITests.swift */ = {isa = PBXFileReference; lastKnownFileType = sourcecode.swift; path = SignUpUITests.swift; sourceTree = "<group>"; };
		B3D720A424BC2C3E00E19EBB /* Info.plist */ = {isa = PBXFileReference; lastKnownFileType = text.plist.xml; path = Info.plist; sourceTree = "<group>"; };
/* End PBXFileReference section */

/* Begin PBXFrameworksBuildPhase section */
		B3D7207A24BC2C3C00E19EBB /* Frameworks */ = {
			isa = PBXFrameworksBuildPhase;
			buildActionMask = 2147483647;
			files = (
			);
			runOnlyForDeploymentPostprocessing = 0;
		};
		B3D7209024BC2C3E00E19EBB /* Frameworks */ = {
			isa = PBXFrameworksBuildPhase;
			buildActionMask = 2147483647;
			files = (
			);
			runOnlyForDeploymentPostprocessing = 0;
		};
		B3D7209B24BC2C3E00E19EBB /* Frameworks */ = {
			isa = PBXFrameworksBuildPhase;
			buildActionMask = 2147483647;
			files = (
			);
			runOnlyForDeploymentPostprocessing = 0;
		};
/* End PBXFrameworksBuildPhase section */

/* Begin PBXGroup section */
		B3D7207424BC2C3C00E19EBB = {
			isa = PBXGroup;
			children = (
				B3D7207F24BC2C3C00E19EBB /* SignUp */,
				B3D7209624BC2C3E00E19EBB /* SignUpTests */,
				B3D720A124BC2C3E00E19EBB /* SignUpUITests */,
				B3D7207E24BC2C3C00E19EBB /* Products */,
			);
			sourceTree = "<group>";
		};
		B3D7207E24BC2C3C00E19EBB /* Products */ = {
			isa = PBXGroup;
			children = (
				B3D7207D24BC2C3C00E19EBB /* SignUp.app */,
				B3D7209324BC2C3E00E19EBB /* SignUpTests.xctest */,
				B3D7209E24BC2C3E00E19EBB /* SignUpUITests.xctest */,
			);
			name = Products;
			sourceTree = "<group>";
		};
		B3D7207F24BC2C3C00E19EBB /* SignUp */ = {
			isa = PBXGroup;
			children = (
				B3D7208024BC2C3C00E19EBB /* AppDelegate.swift */,
				B3D7208224BC2C3C00E19EBB /* SceneDelegate.swift */,
				B3D7208424BC2C3C00E19EBB /* ViewController.swift */,
				B3D7208624BC2C3C00E19EBB /* Main.storyboard */,
				B3D7208924BC2C3E00E19EBB /* Assets.xcassets */,
				B3D7208B24BC2C3E00E19EBB /* LaunchScreen.storyboard */,
				B3D7208E24BC2C3E00E19EBB /* Info.plist */,
			);
			path = SignUp;
			sourceTree = "<group>";
		};
		B3D7209624BC2C3E00E19EBB /* SignUpTests */ = {
			isa = PBXGroup;
			children = (
				B3D7209724BC2C3E00E19EBB /* SignUpTests.swift */,
				B3D7209924BC2C3E00E19EBB /* Info.plist */,
			);
			path = SignUpTests;
			sourceTree = "<group>";
		};
		B3D720A124BC2C3E00E19EBB /* SignUpUITests */ = {
			isa = PBXGroup;
			children = (
				B3D720A224BC2C3E00E19EBB /* SignUpUITests.swift */,
				B3D720A424BC2C3E00E19EBB /* Info.plist */,
			);
			path = SignUpUITests;
			sourceTree = "<group>";
		};
/* End PBXGroup section */

/* Begin PBXNativeTarget section */
		B3D7207C24BC2C3C00E19EBB /* SignUp */ = {
			isa = PBXNativeTarget;
			buildConfigurationList = B3D720A724BC2C3E00E19EBB /* Build configuration list for PBXNativeTarget "SignUp" */;
			buildPhases = (
				B3D7207924BC2C3C00E19EBB /* Sources */,
				B3D7207A24BC2C3C00E19EBB /* Frameworks */,
				B3D7207B24BC2C3C00E19EBB /* Resources */,
			);
			buildRules = (
			);
			dependencies = (
			);
			name = SignUp;
			productName = SignUp;
			productReference = B3D7207D24BC2C3C00E19EBB /* SignUp.app */;
			productType = "com.apple.product-type.application";
		};
		B3D7209224BC2C3E00E19EBB /* SignUpTests */ = {
			isa = PBXNativeTarget;
			buildConfigurationList = B3D720AA24BC2C3E00E19EBB /* Build configuration list for PBXNativeTarget "SignUpTests" */;
			buildPhases = (
				B3D7208F24BC2C3E00E19EBB /* Sources */,
				B3D7209024BC2C3E00E19EBB /* Frameworks */,
				B3D7209124BC2C3E00E19EBB /* Resources */,
			);
			buildRules = (
			);
			dependencies = (
				B3D7209524BC2C3E00E19EBB /* PBXTargetDependency */,
			);
			name = SignUpTests;
			productName = SignUpTests;
			productReference = B3D7209324BC2C3E00E19EBB /* SignUpTests.xctest */;
			productType = "com.apple.product-type.bundle.unit-test";
		};
		B3D7209D24BC2C3E00E19EBB /* SignUpUITests */ = {
			isa = PBXNativeTarget;
			buildConfigurationList = B3D720AD24BC2C3E00E19EBB /* Build configuration list for PBXNativeTarget "SignUpUITests" */;
			buildPhases = (
				B3D7209A24BC2C3E00E19EBB /* Sources */,
				B3D7209B24BC2C3E00E19EBB /* Frameworks */,
				B3D7209C24BC2C3E00E19EBB /* Resources */,
			);
			buildRules = (
			);
			dependencies = (
				B3D720A024BC2C3E00E19EBB /* PBXTargetDependency */,
			);
			name = SignUpUITests;
			productName = SignUpUITests;
			productReference = B3D7209E24BC2C3E00E19EBB /* SignUpUITests.xctest */;
			productType = "com.apple.product-type.bundle.ui-testing";
		};
/* End PBXNativeTarget section */

/* Begin PBXProject section */
		B3D7207524BC2C3C00E19EBB /* Project object */ = {
			isa = PBXProject;
			attributes = {
				LastSwiftUpdateCheck = 1150;
				LastUpgradeCheck = 1150;
				ORGANIZATIONNAME = "Hyuhng Min Kim";
				TargetAttributes = {
					B3D7207C24BC2C3C00E19EBB = {
						CreatedOnToolsVersion = 11.5;
					};
					B3D7209224BC2C3E00E19EBB = {
						CreatedOnToolsVersion = 11.5;
						TestTargetID = B3D7207C24BC2C3C00E19EBB;
					};
					B3D7209D24BC2C3E00E19EBB = {
						CreatedOnToolsVersion = 11.5;
						TestTargetID = B3D7207C24BC2C3C00E19EBB;
					};
				};
			};
			buildConfigurationList = B3D7207824BC2C3C00E19EBB /* Build configuration list for PBXProject "SignUp" */;
			compatibilityVersion = "Xcode 9.3";
			developmentRegion = en;
			hasScannedForEncodings = 0;
			knownRegions = (
				en,
				Base,
			);
			mainGroup = B3D7207424BC2C3C00E19EBB;
			productRefGroup = B3D7207E24BC2C3C00E19EBB /* Products */;
			projectDirPath = "";
			projectRoot = "";
			targets = (
				B3D7207C24BC2C3C00E19EBB /* SignUp */,
				B3D7209224BC2C3E00E19EBB /* SignUpTests */,
				B3D7209D24BC2C3E00E19EBB /* SignUpUITests */,
			);
		};
/* End PBXProject section */

/* Begin PBXResourcesBuildPhase section */
		B3D7207B24BC2C3C00E19EBB /* Resources */ = {
			isa = PBXResourcesBuildPhase;
			buildActionMask = 2147483647;
			files = (
				B3D7208D24BC2C3E00E19EBB /* LaunchScreen.storyboard in Resources */,
				B3D7208A24BC2C3E00E19EBB /* Assets.xcassets in Resources */,
				B3D7208824BC2C3C00E19EBB /* Main.storyboard in Resources */,
			);
			runOnlyForDeploymentPostprocessing = 0;
		};
		B3D7209124BC2C3E00E19EBB /* Resources */ = {
			isa = PBXResourcesBuildPhase;
			buildActionMask = 2147483647;
			files = (
			);
			runOnlyForDeploymentPostprocessing = 0;
		};
		B3D7209C24BC2C3E00E19EBB /* Resources */ = {
			isa = PBXResourcesBuildPhase;
			buildActionMask = 2147483647;
			files = (
			);
			runOnlyForDeploymentPostprocessing = 0;
		};
/* End PBXResourcesBuildPhase section */

/* Begin PBXSourcesBuildPhase section */
		B3D7207924BC2C3C00E19EBB /* Sources */ = {
			isa = PBXSourcesBuildPhase;
			buildActionMask = 2147483647;
			files = (
				B3D7208524BC2C3C00E19EBB /* ViewController.swift in Sources */,
				B3D7208124BC2C3C00E19EBB /* AppDelegate.swift in Sources */,
				B3D7208324BC2C3C00E19EBB /* SceneDelegate.swift in Sources */,
			);
			runOnlyForDeploymentPostprocessing = 0;
		};
		B3D7208F24BC2C3E00E19EBB /* Sources */ = {
			isa = PBXSourcesBuildPhase;
			buildActionMask = 2147483647;
			files = (
				B3D7209824BC2C3E00E19EBB /* SignUpTests.swift in Sources */,
			);
			runOnlyForDeploymentPostprocessing = 0;
		};
		B3D7209A24BC2C3E00E19EBB /* Sources */ = {
			isa = PBXSourcesBuildPhase;
			buildActionMask = 2147483647;
			files = (
				B3D720A324BC2C3E00E19EBB /* SignUpUITests.swift in Sources */,
			);
			runOnlyForDeploymentPostprocessing = 0;
		};
/* End PBXSourcesBuildPhase section */

/* Begin PBXTargetDependency section */
		B3D7209524BC2C3E00E19EBB /* PBXTargetDependency */ = {
			isa = PBXTargetDependency;
			target = B3D7207C24BC2C3C00E19EBB /* SignUp */;
			targetProxy = B3D7209424BC2C3E00E19EBB /* PBXContainerItemProxy */;
		};
		B3D720A024BC2C3E00E19EBB /* PBXTargetDependency */ = {
			isa = PBXTargetDependency;
			target = B3D7207C24BC2C3C00E19EBB /* SignUp */;
			targetProxy = B3D7209F24BC2C3E00E19EBB /* PBXContainerItemProxy */;
		};
/* End PBXTargetDependency section */

/* Begin PBXVariantGroup section */
		B3D7208624BC2C3C00E19EBB /* Main.storyboard */ = {
			isa = PBXVariantGroup;
			children = (
				B3D7208724BC2C3C00E19EBB /* Base */,
			);
			name = Main.storyboard;
			sourceTree = "<group>";
		};
		B3D7208B24BC2C3E00E19EBB /* LaunchScreen.storyboard */ = {
			isa = PBXVariantGroup;
			children = (
				B3D7208C24BC2C3E00E19EBB /* Base */,
			);
			name = LaunchScreen.storyboard;
			sourceTree = "<group>";
		};
/* End PBXVariantGroup section */

/* Begin XCBuildConfiguration section */
		B3D720A524BC2C3E00E19EBB /* Debug */ = {
			isa = XCBuildConfiguration;
			buildSettings = {
				ALWAYS_SEARCH_USER_PATHS = NO;
				CLANG_ANALYZER_NONNULL = YES;
				CLANG_ANALYZER_NUMBER_OBJECT_CONVERSION = YES_AGGRESSIVE;
				CLANG_CXX_LANGUAGE_STANDARD = "gnu++14";
				CLANG_CXX_LIBRARY = "libc++";
				CLANG_ENABLE_MODULES = YES;
				CLANG_ENABLE_OBJC_ARC = YES;
				CLANG_ENABLE_OBJC_WEAK = YES;
				CLANG_WARN_BLOCK_CAPTURE_AUTORELEASING = YES;
				CLANG_WARN_BOOL_CONVERSION = YES;
				CLANG_WARN_COMMA = YES;
				CLANG_WARN_CONSTANT_CONVERSION = YES;
				CLANG_WARN_DEPRECATED_OBJC_IMPLEMENTATIONS = YES;
				CLANG_WARN_DIRECT_OBJC_ISA_USAGE = YES_ERROR;
				CLANG_WARN_DOCUMENTATION_COMMENTS = YES;
				CLANG_WARN_EMPTY_BODY = YES;
				CLANG_WARN_ENUM_CONVERSION = YES;
				CLANG_WARN_INFINITE_RECURSION = YES;
				CLANG_WARN_INT_CONVERSION = YES;
				CLANG_WARN_NON_LITERAL_NULL_CONVERSION = YES;
				CLANG_WARN_OBJC_IMPLICIT_RETAIN_SELF = YES;
				CLANG_WARN_OBJC_LITERAL_CONVERSION = YES;
				CLANG_WARN_OBJC_ROOT_CLASS = YES_ERROR;
				CLANG_WARN_RANGE_LOOP_ANALYSIS = YES;
				CLANG_WARN_STRICT_PROTOTYPES = YES;
				CLANG_WARN_SUSPICIOUS_MOVE = YES;
				CLANG_WARN_UNGUARDED_AVAILABILITY = YES_AGGRESSIVE;
				CLANG_WARN_UNREACHABLE_CODE = YES;
				CLANG_WARN__DUPLICATE_METHOD_MATCH = YES;
				COPY_PHASE_STRIP = NO;
				DEBUG_INFORMATION_FORMAT = dwarf;
				ENABLE_STRICT_OBJC_MSGSEND = YES;
				ENABLE_TESTABILITY = YES;
				GCC_C_LANGUAGE_STANDARD = gnu11;
				GCC_DYNAMIC_NO_PIC = NO;
				GCC_NO_COMMON_BLOCKS = YES;
				GCC_OPTIMIZATION_LEVEL = 0;
				GCC_PREPROCESSOR_DEFINITIONS = (
					"DEBUG=1",
					"$(inherited)",
				);
				GCC_WARN_64_TO_32_BIT_CONVERSION = YES;
				GCC_WARN_ABOUT_RETURN_TYPE = YES_ERROR;
				GCC_WARN_UNDECLARED_SELECTOR = YES;
				GCC_WARN_UNINITIALIZED_AUTOS = YES_AGGRESSIVE;
				GCC_WARN_UNUSED_FUNCTION = YES;
				GCC_WARN_UNUSED_VARIABLE = YES;
				IPHONEOS_DEPLOYMENT_TARGET = 13.5;
				MTL_ENABLE_DEBUG_INFO = INCLUDE_SOURCE;
				MTL_FAST_MATH = YES;
				ONLY_ACTIVE_ARCH = YES;
				SDKROOT = iphoneos;
				SWIFT_ACTIVE_COMPILATION_CONDITIONS = DEBUG;
				SWIFT_OPTIMIZATION_LEVEL = "-Onone";
			};
			name = Debug;
		};
		B3D720A624BC2C3E00E19EBB /* Release */ = {
			isa = XCBuildConfiguration;
			buildSettings = {
				ALWAYS_SEARCH_USER_PATHS = NO;
				CLANG_ANALYZER_NONNULL = YES;
				CLANG_ANALYZER_NUMBER_OBJECT_CONVERSION = YES_AGGRESSIVE;
				CLANG_CXX_LANGUAGE_STANDARD = "gnu++14";
				CLANG_CXX_LIBRARY = "libc++";
				CLANG_ENABLE_MODULES = YES;
				CLANG_ENABLE_OBJC_ARC = YES;
				CLANG_ENABLE_OBJC_WEAK = YES;
				CLANG_WARN_BLOCK_CAPTURE_AUTORELEASING = YES;
				CLANG_WARN_BOOL_CONVERSION = YES;
				CLANG_WARN_COMMA = YES;
				CLANG_WARN_CONSTANT_CONVERSION = YES;
				CLANG_WARN_DEPRECATED_OBJC_IMPLEMENTATIONS = YES;
				CLANG_WARN_DIRECT_OBJC_ISA_USAGE = YES_ERROR;
				CLANG_WARN_DOCUMENTATION_COMMENTS = YES;
				CLANG_WARN_EMPTY_BODY = YES;
				CLANG_WARN_ENUM_CONVERSION = YES;
				CLANG_WARN_INFINITE_RECURSION = YES;
				CLANG_WARN_INT_CONVERSION = YES;
				CLANG_WARN_NON_LITERAL_NULL_CONVERSION = YES;
				CLANG_WARN_OBJC_IMPLICIT_RETAIN_SELF = YES;
				CLANG_WARN_OBJC_LITERAL_CONVERSION = YES;
				CLANG_WARN_OBJC_ROOT_CLASS = YES_ERROR;
				CLANG_WARN_RANGE_LOOP_ANALYSIS = YES;
				CLANG_WARN_STRICT_PROTOTYPES = YES;
				CLANG_WARN_SUSPICIOUS_MOVE = YES;
				CLANG_WARN_UNGUARDED_AVAILABILITY = YES_AGGRESSIVE;
				CLANG_WARN_UNREACHABLE_CODE = YES;
				CLANG_WARN__DUPLICATE_METHOD_MATCH = YES;
				COPY_PHASE_STRIP = NO;
				DEBUG_INFORMATION_FORMAT = "dwarf-with-dsym";
				ENABLE_NS_ASSERTIONS = NO;
				ENABLE_STRICT_OBJC_MSGSEND = YES;
				GCC_C_LANGUAGE_STANDARD = gnu11;
				GCC_NO_COMMON_BLOCKS = YES;
				GCC_WARN_64_TO_32_BIT_CONVERSION = YES;
				GCC_WARN_ABOUT_RETURN_TYPE = YES_ERROR;
				GCC_WARN_UNDECLARED_SELECTOR = YES;
				GCC_WARN_UNINITIALIZED_AUTOS = YES_AGGRESSIVE;
				GCC_WARN_UNUSED_FUNCTION = YES;
				GCC_WARN_UNUSED_VARIABLE = YES;
				IPHONEOS_DEPLOYMENT_TARGET = 13.5;
				MTL_ENABLE_DEBUG_INFO = NO;
				MTL_FAST_MATH = YES;
				SDKROOT = iphoneos;
				SWIFT_COMPILATION_MODE = wholemodule;
				SWIFT_OPTIMIZATION_LEVEL = "-O";
				VALIDATE_PRODUCT = YES;
			};
			name = Release;
		};
		B3D720A824BC2C3E00E19EBB /* Debug */ = {
			isa = XCBuildConfiguration;
			buildSettings = {
				ASSETCATALOG_COMPILER_APPICON_NAME = AppIcon;
				CODE_SIGN_STYLE = Automatic;
				INFOPLIST_FILE = SignUp/Info.plist;
				LD_RUNPATH_SEARCH_PATHS = (
					"$(inherited)",
					"@executable_path/Frameworks",
				);
				PRODUCT_BUNDLE_IDENTIFIER = net.hmk.SignUp;
				PRODUCT_NAME = "$(TARGET_NAME)";
				SWIFT_VERSION = 5.0;
				TARGETED_DEVICE_FAMILY = "1,2";
			};
			name = Debug;
		};
		B3D720A924BC2C3E00E19EBB /* Release */ = {
			isa = XCBuildConfiguration;
			buildSettings = {
				ASSETCATALOG_COMPILER_APPICON_NAME = AppIcon;
				CODE_SIGN_STYLE = Automatic;
				INFOPLIST_FILE = SignUp/Info.plist;
				LD_RUNPATH_SEARCH_PATHS = (
					"$(inherited)",
					"@executable_path/Frameworks",
				);
				PRODUCT_BUNDLE_IDENTIFIER = net.hmk.SignUp;
				PRODUCT_NAME = "$(TARGET_NAME)";
				SWIFT_VERSION = 5.0;
				TARGETED_DEVICE_FAMILY = "1,2";
			};
			name = Release;
		};
		B3D720AB24BC2C3E00E19EBB /* Debug */ = {
			isa = XCBuildConfiguration;
			buildSettings = {
				ALWAYS_EMBED_SWIFT_STANDARD_LIBRARIES = YES;
				BUNDLE_LOADER = "$(TEST_HOST)";
				CODE_SIGN_STYLE = Automatic;
				INFOPLIST_FILE = SignUpTests/Info.plist;
				IPHONEOS_DEPLOYMENT_TARGET = 13.5;
				LD_RUNPATH_SEARCH_PATHS = (
					"$(inherited)",
					"@executable_path/Frameworks",
					"@loader_path/Frameworks",
				);
				PRODUCT_BUNDLE_IDENTIFIER = net.hmk.SignUpTests;
				PRODUCT_NAME = "$(TARGET_NAME)";
				SWIFT_VERSION = 5.0;
				TARGETED_DEVICE_FAMILY = "1,2";
				TEST_HOST = "$(BUILT_PRODUCTS_DIR)/SignUp.app/SignUp";
			};
			name = Debug;
		};
		B3D720AC24BC2C3E00E19EBB /* Release */ = {
			isa = XCBuildConfiguration;
			buildSettings = {
				ALWAYS_EMBED_SWIFT_STANDARD_LIBRARIES = YES;
				BUNDLE_LOADER = "$(TEST_HOST)";
				CODE_SIGN_STYLE = Automatic;
				INFOPLIST_FILE = SignUpTests/Info.plist;
				IPHONEOS_DEPLOYMENT_TARGET = 13.5;
				LD_RUNPATH_SEARCH_PATHS = (
					"$(inherited)",
					"@executable_path/Frameworks",
					"@loader_path/Frameworks",
				);
				PRODUCT_BUNDLE_IDENTIFIER = net.hmk.SignUpTests;
				PRODUCT_NAME = "$(TARGET_NAME)";
				SWIFT_VERSION = 5.0;
				TARGETED_DEVICE_FAMILY = "1,2";
				TEST_HOST = "$(BUILT_PRODUCTS_DIR)/SignUp.app/SignUp";
			};
			name = Release;
		};
		B3D720AE24BC2C3E00E19EBB /* Debug */ = {
			isa = XCBuildConfiguration;
			buildSettings = {
				ALWAYS_EMBED_SWIFT_STANDARD_LIBRARIES = YES;
				CODE_SIGN_STYLE = Automatic;
				INFOPLIST_FILE = SignUpUITests/Info.plist;
				LD_RUNPATH_SEARCH_PATHS = (
					"$(inherited)",
					"@executable_path/Frameworks",
					"@loader_path/Frameworks",
				);
				PRODUCT_BUNDLE_IDENTIFIER = net.hmk.SignUpUITests;
				PRODUCT_NAME = "$(TARGET_NAME)";
				SWIFT_VERSION = 5.0;
				TARGETED_DEVICE_FAMILY = "1,2";
				TEST_TARGET_NAME = SignUp;
			};
			name = Debug;
		};
		B3D720AF24BC2C3E00E19EBB /* Release */ = {
			isa = XCBuildConfiguration;
			buildSettings = {
				ALWAYS_EMBED_SWIFT_STANDARD_LIBRARIES = YES;
				CODE_SIGN_STYLE = Automatic;
				INFOPLIST_FILE = SignUpUITests/Info.plist;
				LD_RUNPATH_SEARCH_PATHS = (
					"$(inherited)",
					"@executable_path/Frameworks",
					"@loader_path/Frameworks",
				);
				PRODUCT_BUNDLE_IDENTIFIER = net.hmk.SignUpUITests;
				PRODUCT_NAME = "$(TARGET_NAME)";
				SWIFT_VERSION = 5.0;
				TARGETED_DEVICE_FAMILY = "1,2";
				TEST_TARGET_NAME = SignUp;
			};
			name = Release;
		};
/* End XCBuildConfiguration section */

/* Begin XCConfigurationList section */
		B3D7207824BC2C3C00E19EBB /* Build configuration list for PBXProject "SignUp" */ = {
			isa = XCConfigurationList;
			buildConfigurations = (
				B3D720A524BC2C3E00E19EBB /* Debug */,
				B3D720A624BC2C3E00E19EBB /* Release */,
			);
			defaultConfigurationIsVisible = 0;
			defaultConfigurationName = Release;
		};
		B3D720A724BC2C3E00E19EBB /* Build configuration list for PBXNativeTarget "SignUp" */ = {
			isa = XCConfigurationList;
			buildConfigurations = (
				B3D720A824BC2C3E00E19EBB /* Debug */,
				B3D720A924BC2C3E00E19EBB /* Release */,
			);
			defaultConfigurationIsVisible = 0;
			defaultConfigurationName = Release;
		};
		B3D720AA24BC2C3E00E19EBB /* Build configuration list for PBXNativeTarget "SignUpTests" */ = {
			isa = XCConfigurationList;
			buildConfigurations = (
				B3D720AB24BC2C3E00E19EBB /* Debug */,
				B3D720AC24BC2C3E00E19EBB /* Release */,
			);
			defaultConfigurationIsVisible = 0;
			defaultConfigurationName = Release;
		};
		B3D720AD24BC2C3E00E19EBB /* Build configuration list for PBXNativeTarget "SignUpUITests" */ = {
			isa = XCConfigurationList;
			buildConfigurations = (
				B3D720AE24BC2C3E00E19EBB /* Debug */,
				B3D720AF24BC2C3E00E19EBB /* Release */,
			);
			defaultConfigurationIsVisible = 0;
			defaultConfigurationName = Release;
		};
/* End XCConfigurationList section */
	};
	rootObject = B3D7207524BC2C3C00E19EBB /* Project object */;
}
